
Microsoft Visual Studio Solution File, Format Version 12.00
# Visual Studio Version 17
VisualStudioVersion = 17.9.34728.123
MinimumVisualStudioVersion = 10.0.40219.1
Project("{9A19103F-16F7-4668-BE54-9A1E7A4F7556}") = "BusinessObjects", "BusinessObjects\BusinessObjects.csproj", "{C39A0079-6E11-4EF6-B31C-6DBAF56C9963}"
EndProject
Project("{9A19103F-16F7-4668-BE54-9A1E7A4F7556}") = "DataAccess", "DataAccess\DataAccess.csproj", "{C6503990-F6C4-42DA-B617-8E1E8C5A3626}"
EndProject
Project("{9A19103F-16F7-4668-BE54-9A1E7A4F7556}") = "LivestockManagementSystemAPI", "LivestockManagementSystemAPI\LivestockManagementSystemAPI.csproj", "{A8B14C0C-4F29-4AB8-8C2A-CD4A4932A55F}"
EndProject
Project("{9A19103F-16F7-4668-BE54-9A1E7A4F7556}") = "LivestockManagementSystem.Tests", "LivestockManagementSystem.Tests\LivestockManagementSystem.Tests.csproj", "{B9C15D8E-7F3A-4BC9-9E2D-F4E6A8B7C3D2}"
EndProject
Global
	GlobalSection(SolutionConfigurationPlatforms) = preSolution
		Debug|Any CPU = Debug|Any CPU
		Release|Any CPU = Release|Any CPU
	EndGlobalSection
	GlobalSection(ProjectConfigurationPlatforms) = postSolution
		{C39A0079-6E11-4EF6-B31C-6DBAF56C9963}.Debug|Any CPU.ActiveCfg = Debug|Any CPU
		{C39A0079-6E11-4EF6-B31C-6DBAF56C9963}.Debug|Any CPU.Build.0 = Debug|Any CPU
		{C39A0079-6E11-4EF6-B31C-6DBAF56C9963}.Release|Any CPU.ActiveCfg = Release|Any CPU
		{C39A0079-6E11-4EF6-B31C-6DBAF56C9963}.Release|Any CPU.Build.0 = Release|Any CPU
		{C6503990-F6C4-42DA-B617-8E1E8C5A3626}.Debug|Any CPU.ActiveCfg = Debug|Any CPU
		{C6503990-F6C4-42DA-B617-8E1E8C5A3626}.Debug|Any CPU.Build.0 = Debug|Any CPU
		{C6503990-F6C4-42DA-B617-8E1E8C5A3626}.Release|Any CPU.ActiveCfg = Release|Any CPU
		{C6503990-F6C4-42DA-B617-8E1E8C5A3626}.Release|Any CPU.Build.0 = Release|Any CPU
		{A8B14C0C-4F29-4AB8-8C2A-CD4A4932A55F}.Debug|Any CPU.ActiveCfg = Debug|Any CPU
		{A8B14C0C-4F29-4AB8-8C2A-CD4A4932A55F}.Debug|Any CPU.Build.0 = Debug|Any CPU
		{A8B14C0C-4F29-4AB8-8C2A-CD4A4932A55F}.Release|Any CPU.ActiveCfg = Release|Any CPU
		{A8B14C0C-4F29-4AB8-8C2A-CD4A4932A55F}.Release|Any CPU.Build.0 = Release|Any CPU
		{B9C15D8E-7F3A-4BC9-9E2D-F4E6A8B7C3D2}.Debug|Any CPU.ActiveCfg = Debug|Any CPU
		{B9C15D8E-7F3A-4BC9-9E2D-F4E6A8B7C3D2}.Debug|Any CPU.Build.0 = Debug|Any CPU
		{B9C15D8E-7F3A-4BC9-9E2D-F4E6A8B7C3D2}.Release|Any CPU.ActiveCfg = Release|Any CPU
		{B9C15D8E-7F3A-4BC9-9E2D-F4E6A8B7C3D2}.Release|Any CPU.Build.0 = Release|Any CPU
	EndGlobalSection
	GlobalSection(SolutionProperties) = preSolution
		HideSolutionNode = FALSE
	EndGlobalSection
	GlobalSection(ExtensibilityGlobals) = postSolution
		SolutionGuid = {5B6CB983-3D45-4FC1-BB5F-324CC5D08468}
	EndGlobalSection
EndGlobal
